
Microsoft Visual Studio Solution File, Format Version 12.00
# Visual Studio Version 17
VisualStudioVersion = 17.11.35431.28
MinimumVisualStudioVersion = 10.0.40219.1
Project("{9A19103F-16F7-4668-BE54-9A1E7A4F7556}") = "ManageSchool", "ManageSchool\ManageSchool.csproj", "{2EBD2AF7-6E59-4706-8781-E7C8A0783155}"
EndProject
Project("{FAE04EC0-301F-11D3-BF4B-00C04F79EFBC}") = "ManageSchoolAPI", "ManageSchoolAPI\ManageSchoolAPI.csproj", "{5171704E-1149-40D2-9503-07E537DB1BE7}"
EndProject
Global
	GlobalSection(SolutionConfigurationPlatforms) = preSolution
		Debug|Any CPU = Debug|Any CPU
		Release|Any CPU = Release|Any CPU
	EndGlobalSection
	GlobalSection(ProjectConfigurationPlatforms) = postSolution
		{2EBD2AF7-6E59-4706-8781-E7C8A0783155}.Debug|Any CPU.ActiveCfg = Debug|Any CPU
		{2EBD2AF7-6E59-4706-8781-E7C8A0783155}.Debug|Any CPU.Build.0 = Debug|Any CPU
		{2EBD2AF7-6E59-4706-8781-E7C8A0783155}.Debug|Any CPU.Deploy.0 = Debug|Any CPU
		{2EBD2AF7-6E59-4706-8781-E7C8A0783155}.Release|Any CPU.ActiveCfg = Release|Any CPU
		{2EBD2AF7-6E59-4706-8781-E7C8A0783155}.Release|Any CPU.Build.0 = Release|Any CPU
		{2EBD2AF7-6E59-4706-8781-E7C8A0783155}.Release|Any CPU.Deploy.0 = Release|Any CPU
		{5171704E-1149-40D2-9503-07E537DB1BE7}.Debug|Any CPU.ActiveCfg = Debug|Any CPU
		{5171704E-1149-40D2-9503-07E537DB1BE7}.Debug|Any CPU.Build.0 = Debug|Any CPU
		{5171704E-1149-40D2-9503-07E537DB1BE7}.Release|Any CPU.ActiveCfg = Release|Any CPU
		{5171704E-1149-40D2-9503-07E537DB1BE7}.Release|Any CPU.Build.0 = Release|Any CPU
	EndGlobalSection
	GlobalSection(SolutionProperties) = preSolution
		HideSolutionNode = FALSE
	EndGlobalSection
	GlobalSection(ExtensibilityGlobals) = postSolution
		SolutionGuid = {07C27003-D15E-4BDA-A6FD-A52CE353A713}
	EndGlobalSection
EndGlobal
